
Microsoft Visual Studio Solution File, Format Version 12.00
# Visual Studio Version 17
VisualStudioVersion = 17.5.33627.172
MinimumVisualStudioVersion = 10.0.40219.1
Project("{FAE04EC0-301F-11D3-BF4B-00C04F79EFBC}") = "STLA-DATA-MODEL", "STLA-DATA-MODEL.csproj", "{DC07A889-38CC-4FA8-A88B-5D3E8667C854}"
EndProject
Global
	GlobalSection(SolutionConfigurationPlatforms) = preSolution
		Debug|Any CPU = Debug|Any CPU
		Release|Any CPU = Release|Any CPU
	EndGlobalSection
	GlobalSection(ProjectConfigurationPlatforms) = postSolution
		{DC07A889-38CC-4FA8-A88B-5D3E8667C854}.Debug|Any CPU.ActiveCfg = Debug|Any CPU
		{DC07A889-38CC-4FA8-A88B-5D3E8667C854}.Debug|Any CPU.Build.0 = Debug|Any CPU
		{DC07A889-38CC-4FA8-A88B-5D3E8667C854}.Release|Any CPU.ActiveCfg = Release|Any CPU
		{DC07A889-38CC-4FA8-A88B-5D3E8667C854}.Release|Any CPU.Build.0 = Release|Any CPU
	EndGlobalSection
	GlobalSection(SolutionProperties) = preSolution
		HideSolutionNode = FALSE
	EndGlobalSection
	GlobalSection(ExtensibilityGlobals) = postSolution
		SolutionGuid = {0B1D782C-1AD2-4D2F-A3F0-AF799FE91A50}
	EndGlobalSection
EndGlobal
